
Microsoft Visual Studio Solution File, Format Version 12.00
# Visual Studio Version 17
VisualStudioVersion = 17.7.34009.444
MinimumVisualStudioVersion = 10.0.40219.1
Project("{FAE04EC0-301F-11D3-BF4B-00C04F79EFBC}") = "DisplayRecs", "DisplayRecs\DisplayRecs.csproj", "{8B62D8E4-D6FE-4C9D-B411-93D254C77951}"
EndProject
Global
	GlobalSection(SolutionConfigurationPlatforms) = preSolution
		Debug|Any CPU = Debug|Any CPU
		Release|Any CPU = Release|Any CPU
	EndGlobalSection
	GlobalSection(ProjectConfigurationPlatforms) = postSolution
		{8B62D8E4-D6FE-4C9D-B411-93D254C77951}.Debug|Any CPU.ActiveCfg = Debug|Any CPU
		{8B62D8E4-D6FE-4C9D-B411-93D254C77951}.Debug|Any CPU.Build.0 = Debug|Any CPU
		{8B62D8E4-D6FE-4C9D-B411-93D254C77951}.Release|Any CPU.ActiveCfg = Release|Any CPU
		{8B62D8E4-D6FE-4C9D-B411-93D254C77951}.Release|Any CPU.Build.0 = Release|Any CPU
	EndGlobalSection
	GlobalSection(SolutionProperties) = preSolution
		HideSolutionNode = FALSE
	EndGlobalSection
	GlobalSection(ExtensibilityGlobals) = postSolution
		SolutionGuid = {5662B4FE-D605-49C1-B4CE-4CECE8A4FDDB}
	EndGlobalSection
EndGlobal
